
Microsoft Visual Studio Solution File, Format Version 12.00
# Visual Studio Version 17
VisualStudioVersion = 17.7.34024.191
MinimumVisualStudioVersion = 10.0.40219.1
Project("{FAE04EC0-301F-11D3-BF4B-00C04F79EFBC}") = "BlogApi", "BlogApi\BlogApi.csproj", "{6F51D998-57CD-40FD-97E1-1B99B46A3A2C}"
EndProject
Global
	GlobalSection(SolutionConfigurationPlatforms) = preSolution
		Debug|Any CPU = Debug|Any CPU
		Release|Any CPU = Release|Any CPU
	EndGlobalSection
	GlobalSection(ProjectConfigurationPlatforms) = postSolution
		{6F51D998-57CD-40FD-97E1-1B99B46A3A2C}.Debug|Any CPU.ActiveCfg = Debug|Any CPU
		{6F51D998-57CD-40FD-97E1-1B99B46A3A2C}.Debug|Any CPU.Build.0 = Debug|Any CPU
		{6F51D998-57CD-40FD-97E1-1B99B46A3A2C}.Release|Any CPU.ActiveCfg = Release|Any CPU
		{6F51D998-57CD-40FD-97E1-1B99B46A3A2C}.Release|Any CPU.Build.0 = Release|Any CPU
	EndGlobalSection
	GlobalSection(SolutionProperties) = preSolution
		HideSolutionNode = FALSE
	EndGlobalSection
	GlobalSection(ExtensibilityGlobals) = postSolution
		SolutionGuid = {F5004BF4-8033-43EA-8C12-91D1F402ACD1}
	EndGlobalSection
EndGlobal
